
Microsoft Visual Studio Solution File, Format Version 12.00
# Visual Studio Version 16
VisualStudioVersion = 16.0.28803.202
MinimumVisualStudioVersion = 10.0.40219.1
Project("{FAE04EC0-301F-11D3-BF4B-00C04F79EFBC}") = "NexmoVoice", "NexmoVoice\NexmoVoice.csproj", "{49E278B4-37B9-4AF9-88F5-CF3C89862CE6}"
EndProject
Global
	GlobalSection(SolutionConfigurationPlatforms) = preSolution
		Debug|Any CPU = Debug|Any CPU
		Release|Any CPU = Release|Any CPU
	EndGlobalSection
	GlobalSection(ProjectConfigurationPlatforms) = postSolution
		{49E278B4-37B9-4AF9-88F5-CF3C89862CE6}.Debug|Any CPU.ActiveCfg = Debug|Any CPU
		{49E278B4-37B9-4AF9-88F5-CF3C89862CE6}.Debug|Any CPU.Build.0 = Debug|Any CPU
		{49E278B4-37B9-4AF9-88F5-CF3C89862CE6}.Release|Any CPU.ActiveCfg = Release|Any CPU
		{49E278B4-37B9-4AF9-88F5-CF3C89862CE6}.Release|Any CPU.Build.0 = Release|Any CPU
	EndGlobalSection
	GlobalSection(SolutionProperties) = preSolution
		HideSolutionNode = FALSE
	EndGlobalSection
	GlobalSection(ExtensibilityGlobals) = postSolution
		SolutionGuid = {C0BF71DA-B07D-4C3E-A085-8F861121A491}
	EndGlobalSection
EndGlobal
