
Microsoft Visual Studio Solution File, Format Version 12.00
# Visual Studio Version 16
VisualStudioVersion = 16.0.28803.202
MinimumVisualStudioVersion = 10.0.40219.1
Project("{FAE04EC0-301F-11D3-BF4B-00C04F79EFBC}") = "SMS", "SMS\SMS.csproj", "{B553466F-E375-4988-85C9-1F9301FAADBC}"
EndProject
Global
	GlobalSection(SolutionConfigurationPlatforms) = preSolution
		Debug|Any CPU = Debug|Any CPU
		Release|Any CPU = Release|Any CPU
	EndGlobalSection
	GlobalSection(ProjectConfigurationPlatforms) = postSolution
		{B553466F-E375-4988-85C9-1F9301FAADBC}.Debug|Any CPU.ActiveCfg = Debug|Any CPU
		{B553466F-E375-4988-85C9-1F9301FAADBC}.Debug|Any CPU.Build.0 = Debug|Any CPU
		{B553466F-E375-4988-85C9-1F9301FAADBC}.Release|Any CPU.ActiveCfg = Release|Any CPU
		{B553466F-E375-4988-85C9-1F9301FAADBC}.Release|Any CPU.Build.0 = Release|Any CPU
	EndGlobalSection
	GlobalSection(SolutionProperties) = preSolution
		HideSolutionNode = FALSE
	EndGlobalSection
	GlobalSection(ExtensibilityGlobals) = postSolution
		SolutionGuid = {BE2AB77A-51D1-460A-9276-B6C276AADB0E}
	EndGlobalSection
EndGlobal
